// !$*UTF8*$!
{
	archiveVersion = 1;
	classes = {
	};
	objectVersion = 56;
	objects = {

/* Begin PBXBuildFile section */
		9C6CB40529846B8600DC2E52 /* AppDelegate.swift in Sources */ = {isa = PBXBuildFile; fileRef = 9C6CB40429846B8600DC2E52 /* AppDelegate.swift */; };
		9C6CB40729846B8600DC2E52 /* SceneDelegate.swift in Sources */ = {isa = PBXBuildFile; fileRef = 9C6CB40629846B8600DC2E52 /* SceneDelegate.swift */; };
		9C6CB40C29846B8600DC2E52 /* Main.storyboard in Resources */ = {isa = PBXBuildFile; fileRef = 9C6CB40A29846B8600DC2E52 /* Main.storyboard */; };
		9C6CB40E29846B8800DC2E52 /* Assets.xcassets in Resources */ = {isa = PBXBuildFile; fileRef = 9C6CB40D29846B8800DC2E52 /* Assets.xcassets */; };
		9C6CB41129846B8800DC2E52 /* LaunchScreen.storyboard in Resources */ = {isa = PBXBuildFile; fileRef = 9C6CB40F29846B8800DC2E52 /* LaunchScreen.storyboard */; };
		9C6CB41D29846F3C00DC2E52 /* HypeModel.swift in Sources */ = {isa = PBXBuildFile; fileRef = 9C6CB41C29846F3C00DC2E52 /* HypeModel.swift */; };
		9C6CB42029848CB200DC2E52 /* HypeController.swift in Sources */ = {isa = PBXBuildFile; fileRef = 9C6CB41F29848CB200DC2E52 /* HypeController.swift */; };
		9C9C0BB92984D31E0039258A /* HypeListViewController.swift in Sources */ = {isa = PBXBuildFile; fileRef = 9C9C0BB82984D31E0039258A /* HypeListViewController.swift */; };
		9C9C0BBC2984D70E0039258A /* DateExtension.swift in Sources */ = {isa = PBXBuildFile; fileRef = 9C9C0BBB2984D70E0039258A /* DateExtension.swift */; };
		9CD06F67298C7AFE0017EF5F /* User.swift in Sources */ = {isa = PBXBuildFile; fileRef = 9CD06F66298C7AFE0017EF5F /* User.swift */; };
		9CD06F69298C844E0017EF5F /* UserController.swift in Sources */ = {isa = PBXBuildFile; fileRef = 9CD06F68298C844E0017EF5F /* UserController.swift */; };
		9CD06F6B298CA1880017EF5F /* SignUpViewController.swift in Sources */ = {isa = PBXBuildFile; fileRef = 9CD06F6A298CA1880017EF5F /* SignUpViewController.swift */; };
		9CD06F6E298CA3A90017EF5F /* HypeList.storyboard in Resources */ = {isa = PBXBuildFile; fileRef = 9CD06F6C298CA3A90017EF5F /* HypeList.storyboard */; };
		9CD06F7329933A550017EF5F /* PhotoPickerViewController.swift in Sources */ = {isa = PBXBuildFile; fileRef = 9CD06F7229933A550017EF5F /* PhotoPickerViewController.swift */; };
		9CD06F76299361620017EF5F /* PhotoPicker.storyboard in Resources */ = {isa = PBXBuildFile; fileRef = 9CD06F74299361620017EF5F /* PhotoPicker.storyboard */; };
		9CD06F78299362C60017EF5F /* HypePhotoViewController.swift in Sources */ = {isa = PBXBuildFile; fileRef = 9CD06F77299362C60017EF5F /* HypePhotoViewController.swift */; };
/* End PBXBuildFile section */

/* Begin PBXFileReference section */
		9C6CB40129846B8600DC2E52 /* Hype.app */ = {isa = PBXFileReference; explicitFileType = wrapper.application; includeInIndex = 0; path = Hype.app; sourceTree = BUILT_PRODUCTS_DIR; };
		9C6CB40429846B8600DC2E52 /* AppDelegate.swift */ = {isa = PBXFileReference; lastKnownFileType = sourcecode.swift; path = AppDelegate.swift; sourceTree = "<group>"; };
		9C6CB40629846B8600DC2E52 /* SceneDelegate.swift */ = {isa = PBXFileReference; lastKnownFileType = sourcecode.swift; path = SceneDelegate.swift; sourceTree = "<group>"; };
		9C6CB40B29846B8600DC2E52 /* Base */ = {isa = PBXFileReference; lastKnownFileType = file.storyboard; name = Base; path = Base.lproj/Main.storyboard; sourceTree = "<group>"; };
		9C6CB40D29846B8800DC2E52 /* Assets.xcassets */ = {isa = PBXFileReference; lastKnownFileType = folder.assetcatalog; path = Assets.xcassets; sourceTree = "<group>"; };
		9C6CB41029846B8800DC2E52 /* Base */ = {isa = PBXFileReference; lastKnownFileType = file.storyboard; name = Base; path = Base.lproj/LaunchScreen.storyboard; sourceTree = "<group>"; };
		9C6CB41229846B8800DC2E52 /* Info.plist */ = {isa = PBXFileReference; lastKnownFileType = text.plist.xml; path = Info.plist; sourceTree = "<group>"; };
		9C6CB41B29846C9300DC2E52 /* Hype.entitlements */ = {isa = PBXFileReference; lastKnownFileType = text.plist.entitlements; path = Hype.entitlements; sourceTree = "<group>"; };
		9C6CB41C29846F3C00DC2E52 /* HypeModel.swift */ = {isa = PBXFileReference; lastKnownFileType = sourcecode.swift; path = HypeModel.swift; sourceTree = "<group>"; };
		9C6CB41F29848CB200DC2E52 /* HypeController.swift */ = {isa = PBXFileReference; lastKnownFileType = sourcecode.swift; path = HypeController.swift; sourceTree = "<group>"; };
		9C9C0BB82984D31E0039258A /* HypeListViewController.swift */ = {isa = PBXFileReference; lastKnownFileType = sourcecode.swift; path = HypeListViewController.swift; sourceTree = "<group>"; };
		9C9C0BBB2984D70E0039258A /* DateExtension.swift */ = {isa = PBXFileReference; lastKnownFileType = sourcecode.swift; path = DateExtension.swift; sourceTree = "<group>"; };
		9CD06F66298C7AFE0017EF5F /* User.swift */ = {isa = PBXFileReference; lastKnownFileType = sourcecode.swift; path = User.swift; sourceTree = "<group>"; };
		9CD06F68298C844E0017EF5F /* UserController.swift */ = {isa = PBXFileReference; lastKnownFileType = sourcecode.swift; path = UserController.swift; sourceTree = "<group>"; };
		9CD06F6A298CA1880017EF5F /* SignUpViewController.swift */ = {isa = PBXFileReference; lastKnownFileType = sourcecode.swift; path = SignUpViewController.swift; sourceTree = "<group>"; };
		9CD06F6D298CA3A90017EF5F /* Base */ = {isa = PBXFileReference; lastKnownFileType = file.storyboard; name = Base; path = Hype/Views/Storyboards/Base.lproj/HypeList.storyboard; sourceTree = "<group>"; };
		9CD06F7229933A550017EF5F /* PhotoPickerViewController.swift */ = {isa = PBXFileReference; lastKnownFileType = sourcecode.swift; path = PhotoPickerViewController.swift; sourceTree = "<group>"; };
		9CD06F75299361620017EF5F /* Base */ = {isa = PBXFileReference; lastKnownFileType = file.storyboard; name = Base; path = Hype/Views/Storyboards/Base.lproj/PhotoPicker.storyboard; sourceTree = "<group>"; };
		9CD06F77299362C60017EF5F /* HypePhotoViewController.swift */ = {isa = PBXFileReference; lastKnownFileType = sourcecode.swift; path = HypePhotoViewController.swift; sourceTree = "<group>"; };
/* End PBXFileReference section */

/* Begin PBXFrameworksBuildPhase section */
		9C6CB3FE29846B8600DC2E52 /* Frameworks */ = {
			isa = PBXFrameworksBuildPhase;
			buildActionMask = 2147483647;
			files = (
			);
			runOnlyForDeploymentPostprocessing = 0;
		};
/* End PBXFrameworksBuildPhase section */

/* Begin PBXGroup section */
		9C6CB3F829846B8600DC2E52 = {
			isa = PBXGroup;
			children = (
				9C6CB40329846B8600DC2E52 /* Hype */,
				9C6CB40229846B8600DC2E52 /* Products */,
			);
			sourceTree = "<group>";
		};
		9C6CB40229846B8600DC2E52 /* Products */ = {
			isa = PBXGroup;
			children = (
				9C6CB40129846B8600DC2E52 /* Hype.app */,
			);
			name = Products;
			sourceTree = "<group>";
		};
		9C6CB40329846B8600DC2E52 /* Hype */ = {
			isa = PBXGroup;
			children = (
				9C6CB41B29846C9300DC2E52 /* Hype.entitlements */,
				9C6CB41E29848C8300DC2E52 /* Models */,
				9C6CB41929846BD200DC2E52 /* Views */,
				9C6CB42129848CB700DC2E52 /* Controllers */,
				9C6CB41829846BB200DC2E52 /* Resources */,
			);
			path = Hype;
			sourceTree = "<group>";
		};
		9C6CB41829846BB200DC2E52 /* Resources */ = {
			isa = PBXGroup;
			children = (
				9C6CB40429846B8600DC2E52 /* AppDelegate.swift */,
				9C6CB40629846B8600DC2E52 /* SceneDelegate.swift */,
				9C6CB40D29846B8800DC2E52 /* Assets.xcassets */,
				9C6CB41229846B8800DC2E52 /* Info.plist */,
			);
			path = Resources;
			sourceTree = "<group>";
		};
		9C6CB41929846BD200DC2E52 /* Views */ = {
			isa = PBXGroup;
			children = (
				9C6CB41A29846BFC00DC2E52 /* Storyboards */,
			);
			path = Views;
			sourceTree = "<group>";
		};
		9C6CB41A29846BFC00DC2E52 /* Storyboards */ = {
			isa = PBXGroup;
			children = (
				9C6CB40F29846B8800DC2E52 /* LaunchScreen.storyboard */,
				9C6CB40A29846B8600DC2E52 /* Main.storyboard */,
				9CD06F6C298CA3A90017EF5F /* HypeList.storyboard */,
				9CD06F74299361620017EF5F /* PhotoPicker.storyboard */,
			);
			path = Storyboards;
			sourceTree = "<group>";
		};
		9C6CB41E29848C8300DC2E52 /* Models */ = {
			isa = PBXGroup;
			children = (
				9C6CB41C29846F3C00DC2E52 /* HypeModel.swift */,
				9CD06F66298C7AFE0017EF5F /* User.swift */,
			);
			path = Models;
			sourceTree = "<group>";
		};
		9C6CB42129848CB700DC2E52 /* Controllers */ = {
			isa = PBXGroup;
			children = (
				9C9C0BBA2984D3370039258A /* ViewControllers */,
				9C6CB42229848CBF00DC2E52 /* Model Controllers */,
				9C9C0BBD2984D7150039258A /* Helpers & Extensions */,
			);
			path = Controllers;
			sourceTree = "<group>";
		};
		9C6CB42229848CBF00DC2E52 /* Model Controllers */ = {
			isa = PBXGroup;
			children = (
				9C6CB41F29848CB200DC2E52 /* HypeController.swift */,
				9CD06F68298C844E0017EF5F /* UserController.swift */,
			);
			path = "Model Controllers";
			sourceTree = "<group>";
		};
		9C9C0BBA2984D3370039258A /* ViewControllers */ = {
			isa = PBXGroup;
			children = (
				9C9C0BB82984D31E0039258A /* HypeListViewController.swift */,
				9CD06F6A298CA1880017EF5F /* SignUpViewController.swift */,
				9CD06F7229933A550017EF5F /* PhotoPickerViewController.swift */,
				9CD06F77299362C60017EF5F /* HypePhotoViewController.swift */,
			);
			path = ViewControllers;
			sourceTree = "<group>";
		};
		9C9C0BBD2984D7150039258A /* Helpers & Extensions */ = {
			isa = PBXGroup;
			children = (
				9C9C0BBB2984D70E0039258A /* DateExtension.swift */,
			);
			path = "Helpers & Extensions";
			sourceTree = "<group>";
		};
/* End PBXGroup section */

/* Begin PBXNativeTarget section */
		9C6CB40029846B8600DC2E52 /* Hype */ = {
			isa = PBXNativeTarget;
			buildConfigurationList = 9C6CB41529846B8800DC2E52 /* Build configuration list for PBXNativeTarget "Hype" */;
			buildPhases = (
				9C6CB3FD29846B8600DC2E52 /* Sources */,
				9C6CB3FE29846B8600DC2E52 /* Frameworks */,
				9C6CB3FF29846B8600DC2E52 /* Resources */,
			);
			buildRules = (
			);
			dependencies = (
			);
			name = Hype;
			productName = Hype;
			productReference = 9C6CB40129846B8600DC2E52 /* Hype.app */;
			productType = "com.apple.product-type.application";
		};
/* End PBXNativeTarget section */

/* Begin PBXProject section */
		9C6CB3F929846B8600DC2E52 /* Project object */ = {
			isa = PBXProject;
			attributes = {
				BuildIndependentTargetsInParallel = 1;
				LastSwiftUpdateCheck = 1420;
				LastUpgradeCheck = 1420;
				TargetAttributes = {
					9C6CB40029846B8600DC2E52 = {
						CreatedOnToolsVersion = 14.2;
					};
				};
			};
			buildConfigurationList = 9C6CB3FC29846B8600DC2E52 /* Build configuration list for PBXProject "Hype" */;
			compatibilityVersion = "Xcode 14.0";
			developmentRegion = en;
			hasScannedForEncodings = 0;
			knownRegions = (
				en,
				Base,
			);
			mainGroup = 9C6CB3F829846B8600DC2E52;
			productRefGroup = 9C6CB40229846B8600DC2E52 /* Products */;
			projectDirPath = "";
			projectRoot = "";
			targets = (
				9C6CB40029846B8600DC2E52 /* Hype */,
			);
		};
/* End PBXProject section */

/* Begin PBXResourcesBuildPhase section */
		9C6CB3FF29846B8600DC2E52 /* Resources */ = {
			isa = PBXResourcesBuildPhase;
			buildActionMask = 2147483647;
			files = (
				9CD06F6E298CA3A90017EF5F /* HypeList.storyboard in Resources */,
				9CD06F76299361620017EF5F /* PhotoPicker.storyboard in Resources */,
				9C6CB41129846B8800DC2E52 /* LaunchScreen.storyboard in Resources */,
				9C6CB40E29846B8800DC2E52 /* Assets.xcassets in Resources */,
				9C6CB40C29846B8600DC2E52 /* Main.storyboard in Resources */,
			);
			runOnlyForDeploymentPostprocessing = 0;
		};
/* End PBXResourcesBuildPhase section */

/* Begin PBXSourcesBuildPhase section */
		9C6CB3FD29846B8600DC2E52 /* Sources */ = {
			isa = PBXSourcesBuildPhase;
			buildActionMask = 2147483647;
			files = (
				9C6CB41D29846F3C00DC2E52 /* HypeModel.swift in Sources */,
				9C9C0BBC2984D70E0039258A /* DateExtension.swift in Sources */,
				9CD06F69298C844E0017EF5F /* UserController.swift in Sources */,
				9C6CB42029848CB200DC2E52 /* HypeController.swift in Sources */,
				9C9C0BB92984D31E0039258A /* HypeListViewController.swift in Sources */,
				9CD06F7329933A550017EF5F /* PhotoPickerViewController.swift in Sources */,
				9CD06F78299362C60017EF5F /* HypePhotoViewController.swift in Sources */,
				9C6CB40529846B8600DC2E52 /* AppDelegate.swift in Sources */,
				9CD06F6B298CA1880017EF5F /* SignUpViewController.swift in Sources */,
				9C6CB40729846B8600DC2E52 /* SceneDelegate.swift in Sources */,
				9CD06F67298C7AFE0017EF5F /* User.swift in Sources */,
			);
			runOnlyForDeploymentPostprocessing = 0;
		};
/* End PBXSourcesBuildPhase section */

/* Begin PBXVariantGroup section */
		9C6CB40A29846B8600DC2E52 /* Main.storyboard */ = {
			isa = PBXVariantGroup;
			children = (
				9C6CB40B29846B8600DC2E52 /* Base */,
			);
			name = Main.storyboard;
			sourceTree = "<group>";
		};
		9C6CB40F29846B8800DC2E52 /* LaunchScreen.storyboard */ = {
			isa = PBXVariantGroup;
			children = (
				9C6CB41029846B8800DC2E52 /* Base */,
			);
			name = LaunchScreen.storyboard;
			sourceTree = "<group>";
		};
		9CD06F6C298CA3A90017EF5F /* HypeList.storyboard */ = {
			isa = PBXVariantGroup;
			children = (
				9CD06F6D298CA3A90017EF5F /* Base */,
			);
			name = HypeList.storyboard;
			sourceTree = "<group>";
		};
		9CD06F74299361620017EF5F /* PhotoPicker.storyboard */ = {
			isa = PBXVariantGroup;
			children = (
				9CD06F75299361620017EF5F /* Base */,
			);
			name = PhotoPicker.storyboard;
			sourceTree = "<group>";
		};
/* End PBXVariantGroup section */

/* Begin XCBuildConfiguration section */
		9C6CB41329846B8800DC2E52 /* Debug */ = {
			isa = XCBuildConfiguration;
			buildSettings = {
				ALWAYS_SEARCH_USER_PATHS = NO;
				CLANG_ANALYZER_NONNULL = YES;
				CLANG_ANALYZER_NUMBER_OBJECT_CONVERSION = YES_AGGRESSIVE;
				CLANG_CXX_LANGUAGE_STANDARD = "gnu++20";
				CLANG_ENABLE_MODULES = YES;
				CLANG_ENABLE_OBJC_ARC = YES;
				CLANG_ENABLE_OBJC_WEAK = YES;
				CLANG_WARN_BLOCK_CAPTURE_AUTORELEASING = YES;
				CLANG_WARN_BOOL_CONVERSION = YES;
				CLANG_WARN_COMMA = YES;
				CLANG_WARN_CONSTANT_CONVERSION = YES;
				CLANG_WARN_DEPRECATED_OBJC_IMPLEMENTATIONS = YES;
				CLANG_WARN_DIRECT_OBJC_ISA_USAGE = YES_ERROR;
				CLANG_WARN_DOCUMENTATION_COMMENTS = YES;
				CLANG_WARN_EMPTY_BODY = YES;
				CLANG_WARN_ENUM_CONVERSION = YES;
				CLANG_WARN_INFINITE_RECURSION = YES;
				CLANG_WARN_INT_CONVERSION = YES;
				CLANG_WARN_NON_LITERAL_NULL_CONVERSION = YES;
				CLANG_WARN_OBJC_IMPLICIT_RETAIN_SELF = YES;
				CLANG_WARN_OBJC_LITERAL_CONVERSION = YES;
				CLANG_WARN_OBJC_ROOT_CLASS = YES_ERROR;
				CLANG_WARN_QUOTED_INCLUDE_IN_FRAMEWORK_HEADER = YES;
				CLANG_WARN_RANGE_LOOP_ANALYSIS = YES;
				CLANG_WARN_STRICT_PROTOTYPES = YES;
				CLANG_WARN_SUSPICIOUS_MOVE = YES;
				CLANG_WARN_UNGUARDED_AVAILABILITY = YES_AGGRESSIVE;
				CLANG_WARN_UNREACHABLE_CODE = YES;
				CLANG_WARN__DUPLICATE_METHOD_MATCH = YES;
				COPY_PHASE_STRIP = NO;
				DEBUG_INFORMATION_FORMAT = dwarf;
				ENABLE_STRICT_OBJC_MSGSEND = YES;
				ENABLE_TESTABILITY = YES;
				GCC_C_LANGUAGE_STANDARD = gnu11;
				GCC_DYNAMIC_NO_PIC = NO;
				GCC_NO_COMMON_BLOCKS = YES;
				GCC_OPTIMIZATION_LEVEL = 0;
				GCC_PREPROCESSOR_DEFINITIONS = (
					"DEBUG=1",
					"$(inherited)",
				);
				GCC_WARN_64_TO_32_BIT_CONVERSION = YES;
				GCC_WARN_ABOUT_RETURN_TYPE = YES_ERROR;
				GCC_WARN_UNDECLARED_SELECTOR = YES;
				GCC_WARN_UNINITIALIZED_AUTOS = YES_AGGRESSIVE;
				GCC_WARN_UNUSED_FUNCTION = YES;
				GCC_WARN_UNUSED_VARIABLE = YES;
				IPHONEOS_DEPLOYMENT_TARGET = 16.2;
				MTL_ENABLE_DEBUG_INFO = INCLUDE_SOURCE;
				MTL_FAST_MATH = YES;
				ONLY_ACTIVE_ARCH = YES;
				SDKROOT = iphoneos;
				SWIFT_ACTIVE_COMPILATION_CONDITIONS = DEBUG;
				SWIFT_OPTIMIZATION_LEVEL = "-Onone";
			};
			name = Debug;
		};
		9C6CB41429846B8800DC2E52 /* Release */ = {
			isa = XCBuildConfiguration;
			buildSettings = {
				ALWAYS_SEARCH_USER_PATHS = NO;
				CLANG_ANALYZER_NONNULL = YES;
				CLANG_ANALYZER_NUMBER_OBJECT_CONVERSION = YES_AGGRESSIVE;
				CLANG_CXX_LANGUAGE_STANDARD = "gnu++20";
				CLANG_ENABLE_MODULES = YES;
				CLANG_ENABLE_OBJC_ARC = YES;
				CLANG_ENABLE_OBJC_WEAK = YES;
				CLANG_WARN_BLOCK_CAPTURE_AUTORELEASING = YES;
				CLANG_WARN_BOOL_CONVERSION = YES;
				CLANG_WARN_COMMA = YES;
				CLANG_WARN_CONSTANT_CONVERSION = YES;
				CLANG_WARN_DEPRECATED_OBJC_IMPLEMENTATIONS = YES;
				CLANG_WARN_DIRECT_OBJC_ISA_USAGE = YES_ERROR;
				CLANG_WARN_DOCUMENTATION_COMMENTS = YES;
				CLANG_WARN_EMPTY_BODY = YES;
				CLANG_WARN_ENUM_CONVERSION = YES;
				CLANG_WARN_INFINITE_RECURSION = YES;
				CLANG_WARN_INT_CONVERSION = YES;
				CLANG_WARN_NON_LITERAL_NULL_CONVERSION = YES;
				CLANG_WARN_OBJC_IMPLICIT_RETAIN_SELF = YES;
				CLANG_WARN_OBJC_LITERAL_CONVERSION = YES;
				CLANG_WARN_OBJC_ROOT_CLASS = YES_ERROR;
				CLANG_WARN_QUOTED_INCLUDE_IN_FRAMEWORK_HEADER = YES;
				CLANG_WARN_RANGE_LOOP_ANALYSIS = YES;
				CLANG_WARN_STRICT_PROTOTYPES = YES;
				CLANG_WARN_SUSPICIOUS_MOVE = YES;
				CLANG_WARN_UNGUARDED_AVAILABILITY = YES_AGGRESSIVE;
				CLANG_WARN_UNREACHABLE_CODE = YES;
				CLANG_WARN__DUPLICATE_METHOD_MATCH = YES;
				COPY_PHASE_STRIP = NO;
				DEBUG_INFORMATION_FORMAT = "dwarf-with-dsym";
				ENABLE_NS_ASSERTIONS = NO;
				ENABLE_STRICT_OBJC_MSGSEND = YES;
				GCC_C_LANGUAGE_STANDARD = gnu11;
				GCC_NO_COMMON_BLOCKS = YES;
				GCC_WARN_64_TO_32_BIT_CONVERSION = YES;
				GCC_WARN_ABOUT_RETURN_TYPE = YES_ERROR;
				GCC_WARN_UNDECLARED_SELECTOR = YES;
				GCC_WARN_UNINITIALIZED_AUTOS = YES_AGGRESSIVE;
				GCC_WARN_UNUSED_FUNCTION = YES;
				GCC_WARN_UNUSED_VARIABLE = YES;
				IPHONEOS_DEPLOYMENT_TARGET = 16.2;
				MTL_ENABLE_DEBUG_INFO = NO;
				MTL_FAST_MATH = YES;
				SDKROOT = iphoneos;
				SWIFT_COMPILATION_MODE = wholemodule;
				SWIFT_OPTIMIZATION_LEVEL = "-O";
				VALIDATE_PRODUCT = YES;
			};
			name = Release;
		};
		9C6CB41629846B8800DC2E52 /* Debug */ = {
			isa = XCBuildConfiguration;
			buildSettings = {
				ASSETCATALOG_COMPILER_APPICON_NAME = AppIcon;
				ASSETCATALOG_COMPILER_GLOBAL_ACCENT_COLOR_NAME = AccentColor;
				CODE_SIGN_ENTITLEMENTS = Hype/Hype.entitlements;
				CODE_SIGN_STYLE = Automatic;
				CURRENT_PROJECT_VERSION = 1;
				DEVELOPMENT_TEAM = GBG5422KCQ;
				GENERATE_INFOPLIST_FILE = YES;
				INFOPLIST_FILE = Hype/Resources/Info.plist;
				INFOPLIST_KEY_UIApplicationSupportsIndirectInputEvents = YES;
				INFOPLIST_KEY_UILaunchStoryboardName = LaunchScreen;
				INFOPLIST_KEY_UIMainStoryboardFile = Main;
				INFOPLIST_KEY_UISupportedInterfaceOrientations_iPad = "UIInterfaceOrientationPortrait UIInterfaceOrientationPortraitUpsideDown UIInterfaceOrientationLandscapeLeft UIInterfaceOrientationLandscapeRight";
				INFOPLIST_KEY_UISupportedInterfaceOrientations_iPhone = "UIInterfaceOrientationPortrait UIInterfaceOrientationLandscapeLeft UIInterfaceOrientationLandscapeRight";
				LD_RUNPATH_SEARCH_PATHS = (
					"$(inherited)",
					"@executable_path/Frameworks",
				);
				MARKETING_VERSION = 1.0;
				PRODUCT_BUNDLE_IDENTIFIER = com.StefCastillo.Hype;
				PRODUCT_NAME = "$(TARGET_NAME)";
				SWIFT_EMIT_LOC_STRINGS = YES;
				SWIFT_VERSION = 5.0;
				TARGETED_DEVICE_FAMILY = "1,2";
			};
			name = Debug;
		};
		9C6CB41729846B8800DC2E52 /* Release */ = {
			isa = XCBuildConfiguration;
			buildSettings = {
				ASSETCATALOG_COMPILER_APPICON_NAME = AppIcon;
				ASSETCATALOG_COMPILER_GLOBAL_ACCENT_COLOR_NAME = AccentColor;
				CODE_SIGN_ENTITLEMENTS = Hype/Hype.entitlements;
				CODE_SIGN_STYLE = Automatic;
				CURRENT_PROJECT_VERSION = 1;
				DEVELOPMENT_TEAM = GBG5422KCQ;
				GENERATE_INFOPLIST_FILE = YES;
				INFOPLIST_FILE = Hype/Resources/Info.plist;
				INFOPLIST_KEY_UIApplicationSupportsIndirectInputEvents = YES;
				INFOPLIST_KEY_UILaunchStoryboardName = LaunchScreen;
				INFOPLIST_KEY_UIMainStoryboardFile = Main;
				INFOPLIST_KEY_UISupportedInterfaceOrientations_iPad = "UIInterfaceOrientationPortrait UIInterfaceOrientationPortraitUpsideDown UIInterfaceOrientationLandscapeLeft UIInterfaceOrientationLandscapeRight";
				INFOPLIST_KEY_UISupportedInterfaceOrientations_iPhone = "UIInterfaceOrientationPortrait UIInterfaceOrientationLandscapeLeft UIInterfaceOrientationLandscapeRight";
				LD_RUNPATH_SEARCH_PATHS = (
					"$(inherited)",
					"@executable_path/Frameworks",
				);
				MARKETING_VERSION = 1.0;
				PRODUCT_BUNDLE_IDENTIFIER = com.StefCastillo.Hype;
				PRODUCT_NAME = "$(TARGET_NAME)";
				SWIFT_EMIT_LOC_STRINGS = YES;
				SWIFT_VERSION = 5.0;
				TARGETED_DEVICE_FAMILY = "1,2";
			};
			name = Release;
		};
/* End XCBuildConfiguration section */

/* Begin XCConfigurationList section */
		9C6CB3FC29846B8600DC2E52 /* Build configuration list for PBXProject "Hype" */ = {
			isa = XCConfigurationList;
			buildConfigurations = (
				9C6CB41329846B8800DC2E52 /* Debug */,
				9C6CB41429846B8800DC2E52 /* Release */,
			);
			defaultConfigurationIsVisible = 0;
			defaultConfigurationName = Release;
		};
		9C6CB41529846B8800DC2E52 /* Build configuration list for PBXNativeTarget "Hype" */ = {
			isa = XCConfigurationList;
			buildConfigurations = (
				9C6CB41629846B8800DC2E52 /* Debug */,
				9C6CB41729846B8800DC2E52 /* Release */,
			);
			defaultConfigurationIsVisible = 0;
			defaultConfigurationName = Release;
		};
/* End XCConfigurationList section */
	};
	rootObject = 9C6CB3F929846B8600DC2E52 /* Project object */;
}
